// !$*UTF8*$!
{
	archiveVersion = 1;
	classes = {
	};
	objectVersion = 46;
	objects = {

/* Begin PBXBuildFile section */
		9768B9761C86070800019860 /* AppDelegate.swift in Sources */ = {isa = PBXBuildFile; fileRef = 9768B9751C86070800019860 /* AppDelegate.swift */; };
		9768B9781C86070800019860 /* ViewController.swift in Sources */ = {isa = PBXBuildFile; fileRef = 9768B9771C86070800019860 /* ViewController.swift */; };
		9768B97B1C86070800019860 /* Main.storyboard in Resources */ = {isa = PBXBuildFile; fileRef = 9768B9791C86070800019860 /* Main.storyboard */; };
		9768B97E1C86070800019860 /* Membot.xcdatamodeld in Sources */ = {isa = PBXBuildFile; fileRef = 9768B97C1C86070800019860 /* Membot.xcdatamodeld */; };
		9768B9801C86070800019860 /* Assets.xcassets in Resources */ = {isa = PBXBuildFile; fileRef = 9768B97F1C86070800019860 /* Assets.xcassets */; };
		9768B9831C86070800019860 /* LaunchScreen.storyboard in Resources */ = {isa = PBXBuildFile; fileRef = 9768B9811C86070800019860 /* LaunchScreen.storyboard */; };
		9768B98E1C86070900019860 /* MembotTests.swift in Sources */ = {isa = PBXBuildFile; fileRef = 9768B98D1C86070900019860 /* MembotTests.swift */; };
		9768B9991C86070900019860 /* MembotUITests.swift in Sources */ = {isa = PBXBuildFile; fileRef = 9768B9981C86070900019860 /* MembotUITests.swift */; };
/* End PBXBuildFile section */

/* Begin PBXContainerItemProxy section */
		9768B98A1C86070900019860 /* PBXContainerItemProxy */ = {
			isa = PBXContainerItemProxy;
			containerPortal = 9768B96A1C86070800019860 /* Project object */;
			proxyType = 1;
			remoteGlobalIDString = 9768B9711C86070800019860;
			remoteInfo = Membot;
		};
		9768B9951C86070900019860 /* PBXContainerItemProxy */ = {
			isa = PBXContainerItemProxy;
			containerPortal = 9768B96A1C86070800019860 /* Project object */;
			proxyType = 1;
			remoteGlobalIDString = 9768B9711C86070800019860;
			remoteInfo = Membot;
		};
/* End PBXContainerItemProxy section */

/* Begin PBXFileReference section */
		9768B9721C86070800019860 /* Membot.app */ = {isa = PBXFileReference; explicitFileType = wrapper.application; includeInIndex = 0; path = Membot.app; sourceTree = BUILT_PRODUCTS_DIR; };
		9768B9751C86070800019860 /* AppDelegate.swift */ = {isa = PBXFileReference; lastKnownFileType = sourcecode.swift; path = AppDelegate.swift; sourceTree = "<group>"; };
		9768B9771C86070800019860 /* ViewController.swift */ = {isa = PBXFileReference; lastKnownFileType = sourcecode.swift; path = ViewController.swift; sourceTree = "<group>"; };
		9768B97A1C86070800019860 /* Base */ = {isa = PBXFileReference; lastKnownFileType = file.storyboard; name = Base; path = Base.lproj/Main.storyboard; sourceTree = "<group>"; };
		9768B97D1C86070800019860 /* Membot.xcdatamodel */ = {isa = PBXFileReference; lastKnownFileType = wrapper.xcdatamodel; path = Membot.xcdatamodel; sourceTree = "<group>"; };
		9768B97F1C86070800019860 /* Assets.xcassets */ = {isa = PBXFileReference; lastKnownFileType = folder.assetcatalog; path = Assets.xcassets; sourceTree = "<group>"; };
		9768B9821C86070800019860 /* Base */ = {isa = PBXFileReference; lastKnownFileType = file.storyboard; name = Base; path = Base.lproj/LaunchScreen.storyboard; sourceTree = "<group>"; };
		9768B9841C86070800019860 /* Info.plist */ = {isa = PBXFileReference; lastKnownFileType = text.plist.xml; path = Info.plist; sourceTree = "<group>"; };
		9768B9891C86070900019860 /* MembotTests.xctest */ = {isa = PBXFileReference; explicitFileType = wrapper.cfbundle; includeInIndex = 0; path = MembotTests.xctest; sourceTree = BUILT_PRODUCTS_DIR; };
		9768B98D1C86070900019860 /* MembotTests.swift */ = {isa = PBXFileReference; lastKnownFileType = sourcecode.swift; path = MembotTests.swift; sourceTree = "<group>"; };
		9768B98F1C86070900019860 /* Info.plist */ = {isa = PBXFileReference; lastKnownFileType = text.plist.xml; path = Info.plist; sourceTree = "<group>"; };
		9768B9941C86070900019860 /* MembotUITests.xctest */ = {isa = PBXFileReference; explicitFileType = wrapper.cfbundle; includeInIndex = 0; path = MembotUITests.xctest; sourceTree = BUILT_PRODUCTS_DIR; };
		9768B9981C86070900019860 /* MembotUITests.swift */ = {isa = PBXFileReference; lastKnownFileType = sourcecode.swift; path = MembotUITests.swift; sourceTree = "<group>"; };
		9768B99A1C86070900019860 /* Info.plist */ = {isa = PBXFileReference; lastKnownFileType = text.plist.xml; path = Info.plist; sourceTree = "<group>"; };
/* End PBXFileReference section */

/* Begin PBXFrameworksBuildPhase section */
		9768B96F1C86070800019860 /* Frameworks */ = {
			isa = PBXFrameworksBuildPhase;
			buildActionMask = 2147483647;
			files = (
			);
			runOnlyForDeploymentPostprocessing = 0;
		};
		9768B9861C86070900019860 /* Frameworks */ = {
			isa = PBXFrameworksBuildPhase;
			buildActionMask = 2147483647;
			files = (
			);
			runOnlyForDeploymentPostprocessing = 0;
		};
		9768B9911C86070900019860 /* Frameworks */ = {
			isa = PBXFrameworksBuildPhase;
			buildActionMask = 2147483647;
			files = (
			);
			runOnlyForDeploymentPostprocessing = 0;
		};
/* End PBXFrameworksBuildPhase section */

/* Begin PBXGroup section */
		9768B9691C86070800019860 = {
			isa = PBXGroup;
			children = (
				9768B9741C86070800019860 /* Membot */,
				9768B98C1C86070900019860 /* MembotTests */,
				9768B9971C86070900019860 /* MembotUITests */,
				9768B9731C86070800019860 /* Products */,
			);
			sourceTree = "<group>";
		};
		9768B9731C86070800019860 /* Products */ = {
			isa = PBXGroup;
			children = (
				9768B9721C86070800019860 /* Membot.app */,
				9768B9891C86070900019860 /* MembotTests.xctest */,
				9768B9941C86070900019860 /* MembotUITests.xctest */,
			);
			name = Products;
			sourceTree = "<group>";
		};
		9768B9741C86070800019860 /* Membot */ = {
			isa = PBXGroup;
			children = (
				9768B9751C86070800019860 /* AppDelegate.swift */,
				9768B9771C86070800019860 /* ViewController.swift */,
				9768B9791C86070800019860 /* Main.storyboard */,
				9768B97F1C86070800019860 /* Assets.xcassets */,
				9768B9811C86070800019860 /* LaunchScreen.storyboard */,
				9768B9841C86070800019860 /* Info.plist */,
				9768B97C1C86070800019860 /* Membot.xcdatamodeld */,
			);
			path = Membot;
			sourceTree = "<group>";
		};
		9768B98C1C86070900019860 /* MembotTests */ = {
			isa = PBXGroup;
			children = (
				9768B98D1C86070900019860 /* MembotTests.swift */,
				9768B98F1C86070900019860 /* Info.plist */,
			);
			path = MembotTests;
			sourceTree = "<group>";
		};
		9768B9971C86070900019860 /* MembotUITests */ = {
			isa = PBXGroup;
			children = (
				9768B9981C86070900019860 /* MembotUITests.swift */,
				9768B99A1C86070900019860 /* Info.plist */,
			);
			path = MembotUITests;
			sourceTree = "<group>";
		};
/* End PBXGroup section */

/* Begin PBXNativeTarget section */
		9768B9711C86070800019860 /* Membot */ = {
			isa = PBXNativeTarget;
			buildConfigurationList = 9768B99D1C86070900019860 /* Build configuration list for PBXNativeTarget "Membot" */;
			buildPhases = (
				9768B96E1C86070800019860 /* Sources */,
				9768B96F1C86070800019860 /* Frameworks */,
				9768B9701C86070800019860 /* Resources */,
			);
			buildRules = (
			);
			dependencies = (
			);
			name = Membot;
			productName = Membot;
			productReference = 9768B9721C86070800019860 /* Membot.app */;
			productType = "com.apple.product-type.application";
		};
		9768B9881C86070900019860 /* MembotTests */ = {
			isa = PBXNativeTarget;
			buildConfigurationList = 9768B9A01C86070900019860 /* Build configuration list for PBXNativeTarget "MembotTests" */;
			buildPhases = (
				9768B9851C86070900019860 /* Sources */,
				9768B9861C86070900019860 /* Frameworks */,
				9768B9871C86070900019860 /* Resources */,
			);
			buildRules = (
			);
			dependencies = (
				9768B98B1C86070900019860 /* PBXTargetDependency */,
			);
			name = MembotTests;
			productName = MembotTests;
			productReference = 9768B9891C86070900019860 /* MembotTests.xctest */;
			productType = "com.apple.product-type.bundle.unit-test";
		};
		9768B9931C86070900019860 /* MembotUITests */ = {
			isa = PBXNativeTarget;
			buildConfigurationList = 9768B9A31C86070900019860 /* Build configuration list for PBXNativeTarget "MembotUITests" */;
			buildPhases = (
				9768B9901C86070900019860 /* Sources */,
				9768B9911C86070900019860 /* Frameworks */,
				9768B9921C86070900019860 /* Resources */,
			);
			buildRules = (
			);
			dependencies = (
				9768B9961C86070900019860 /* PBXTargetDependency */,
			);
			name = MembotUITests;
			productName = MembotUITests;
			productReference = 9768B9941C86070900019860 /* MembotUITests.xctest */;
			productType = "com.apple.product-type.bundle.ui-testing";
		};
/* End PBXNativeTarget section */

/* Begin PBXProject section */
		9768B96A1C86070800019860 /* Project object */ = {
			isa = PBXProject;
			attributes = {
				LastSwiftUpdateCheck = 0720;
				LastUpgradeCheck = 0720;
				ORGANIZATIONNAME = Sneakywolf;
				TargetAttributes = {
					9768B9711C86070800019860 = {
						CreatedOnToolsVersion = 7.2.1;
						DevelopmentTeam = 3TWQEU439T;
					};
					9768B9881C86070900019860 = {
						CreatedOnToolsVersion = 7.2.1;
						DevelopmentTeam = 3TWQEU439T;
						TestTargetID = 9768B9711C86070800019860;
					};
					9768B9931C86070900019860 = {
						CreatedOnToolsVersion = 7.2.1;
						DevelopmentTeam = 3TWQEU439T;
						TestTargetID = 9768B9711C86070800019860;
					};
				};
			};
			buildConfigurationList = 9768B96D1C86070800019860 /* Build configuration list for PBXProject "Membot" */;
			compatibilityVersion = "Xcode 3.2";
			developmentRegion = English;
			hasScannedForEncodings = 0;
			knownRegions = (
				en,
				Base,
			);
			mainGroup = 9768B9691C86070800019860;
			productRefGroup = 9768B9731C86070800019860 /* Products */;
			projectDirPath = "";
			projectRoot = "";
			targets = (
				9768B9711C86070800019860 /* Membot */,
				9768B9881C86070900019860 /* MembotTests */,
				9768B9931C86070900019860 /* MembotUITests */,
			);
		};
/* End PBXProject section */

/* Begin PBXResourcesBuildPhase section */
		9768B9701C86070800019860 /* Resources */ = {
			isa = PBXResourcesBuildPhase;
			buildActionMask = 2147483647;
			files = (
				9768B9831C86070800019860 /* LaunchScreen.storyboard in Resources */,
				9768B9801C86070800019860 /* Assets.xcassets in Resources */,
				9768B97B1C86070800019860 /* Main.storyboard in Resources */,
			);
			runOnlyForDeploymentPostprocessing = 0;
		};
		9768B9871C86070900019860 /* Resources */ = {
			isa = PBXResourcesBuildPhase;
			buildActionMask = 2147483647;
			files = (
			);
			runOnlyForDeploymentPostprocessing = 0;
		};
		9768B9921C86070900019860 /* Resources */ = {
			isa = PBXResourcesBuildPhase;
			buildActionMask = 2147483647;
			files = (
			);
			runOnlyForDeploymentPostprocessing = 0;
		};
/* End PBXResourcesBuildPhase section */

/* Begin PBXSourcesBuildPhase section */
		9768B96E1C86070800019860 /* Sources */ = {
			isa = PBXSourcesBuildPhase;
			buildActionMask = 2147483647;
			files = (
				9768B97E1C86070800019860 /* Membot.xcdatamodeld in Sources */,
				9768B9781C86070800019860 /* ViewController.swift in Sources */,
				9768B9761C86070800019860 /* AppDelegate.swift in Sources */,
			);
			runOnlyForDeploymentPostprocessing = 0;
		};
		9768B9851C86070900019860 /* Sources */ = {
			isa = PBXSourcesBuildPhase;
			buildActionMask = 2147483647;
			files = (
				9768B98E1C86070900019860 /* MembotTests.swift in Sources */,
			);
			runOnlyForDeploymentPostprocessing = 0;
		};
		9768B9901C86070900019860 /* Sources */ = {
			isa = PBXSourcesBuildPhase;
			buildActionMask = 2147483647;
			files = (
				9768B9991C86070900019860 /* MembotUITests.swift in Sources */,
			);
			runOnlyForDeploymentPostprocessing = 0;
		};
/* End PBXSourcesBuildPhase section */

/* Begin PBXTargetDependency section */
		9768B98B1C86070900019860 /* PBXTargetDependency */ = {
			isa = PBXTargetDependency;
			target = 9768B9711C86070800019860 /* Membot */;
			targetProxy = 9768B98A1C86070900019860 /* PBXContainerItemProxy */;
		};
		9768B9961C86070900019860 /* PBXTargetDependency */ = {
			isa = PBXTargetDependency;
			target = 9768B9711C86070800019860 /* Membot */;
			targetProxy = 9768B9951C86070900019860 /* PBXContainerItemProxy */;
		};
/* End PBXTargetDependency section */

/* Begin PBXVariantGroup section */
		9768B9791C86070800019860 /* Main.storyboard */ = {
			isa = PBXVariantGroup;
			children = (
				9768B97A1C86070800019860 /* Base */,
			);
			name = Main.storyboard;
			sourceTree = "<group>";
		};
		9768B9811C86070800019860 /* LaunchScreen.storyboard */ = {
			isa = PBXVariantGroup;
			children = (
				9768B9821C86070800019860 /* Base */,
			);
			name = LaunchScreen.storyboard;
			sourceTree = "<group>";
		};
/* End PBXVariantGroup section */

/* Begin XCBuildConfiguration section */
		9768B99B1C86070900019860 /* Debug */ = {
			isa = XCBuildConfiguration;
			buildSettings = {
				ALWAYS_SEARCH_USER_PATHS = NO;
				CLANG_CXX_LANGUAGE_STANDARD = "gnu++0x";
				CLANG_CXX_LIBRARY = "libc++";
				CLANG_ENABLE_MODULES = YES;
				CLANG_ENABLE_OBJC_ARC = YES;
				CLANG_WARN_BOOL_CONVERSION = YES;
				CLANG_WARN_CONSTANT_CONVERSION = YES;
				CLANG_WARN_DIRECT_OBJC_ISA_USAGE = YES_ERROR;
				CLANG_WARN_EMPTY_BODY = YES;
				CLANG_WARN_ENUM_CONVERSION = YES;
				CLANG_WARN_INT_CONVERSION = YES;
				CLANG_WARN_OBJC_ROOT_CLASS = YES_ERROR;
				CLANG_WARN_UNREACHABLE_CODE = YES;
				CLANG_WARN__DUPLICATE_METHOD_MATCH = YES;
				"CODE_SIGN_IDENTITY[sdk=iphoneos*]" = "iPhone Developer";
				COPY_PHASE_STRIP = NO;
				DEBUG_INFORMATION_FORMAT = dwarf;
				ENABLE_STRICT_OBJC_MSGSEND = YES;
				ENABLE_TESTABILITY = YES;
				GCC_C_LANGUAGE_STANDARD = gnu99;
				GCC_DYNAMIC_NO_PIC = NO;
				GCC_NO_COMMON_BLOCKS = YES;
				GCC_OPTIMIZATION_LEVEL = 0;
				GCC_PREPROCESSOR_DEFINITIONS = (
					"DEBUG=1",
					"$(inherited)",
				);
				GCC_WARN_64_TO_32_BIT_CONVERSION = YES;
				GCC_WARN_ABOUT_RETURN_TYPE = YES_ERROR;
				GCC_WARN_UNDECLARED_SELECTOR = YES;
				GCC_WARN_UNINITIALIZED_AUTOS = YES_AGGRESSIVE;
				GCC_WARN_UNUSED_FUNCTION = YES;
				GCC_WARN_UNUSED_VARIABLE = YES;
				IPHONEOS_DEPLOYMENT_TARGET = 9.2;
				MTL_ENABLE_DEBUG_INFO = YES;
				ONLY_ACTIVE_ARCH = YES;
				SDKROOT = iphoneos;
				SWIFT_OPTIMIZATION_LEVEL = "-Onone";
				TARGETED_DEVICE_FAMILY = "1,2";
			};
			name = Debug;
		};
		9768B99C1C86070900019860 /* Release */ = {
			isa = XCBuildConfiguration;
			buildSettings = {
				ALWAYS_SEARCH_USER_PATHS = NO;
				CLANG_CXX_LANGUAGE_STANDARD = "gnu++0x";
				CLANG_CXX_LIBRARY = "libc++";
				CLANG_ENABLE_MODULES = YES;
				CLANG_ENABLE_OBJC_ARC = YES;
				CLANG_WARN_BOOL_CONVERSION = YES;
				CLANG_WARN_CONSTANT_CONVERSION = YES;
				CLANG_WARN_DIRECT_OBJC_ISA_USAGE = YES_ERROR;
				CLANG_WARN_EMPTY_BODY = YES;
				CLANG_WARN_ENUM_CONVERSION = YES;
				CLANG_WARN_INT_CONVERSION = YES;
				CLANG_WARN_OBJC_ROOT_CLASS = YES_ERROR;
				CLANG_WARN_UNREACHABLE_CODE = YES;
				CLANG_WARN__DUPLICATE_METHOD_MATCH = YES;
				"CODE_SIGN_IDENTITY[sdk=iphoneos*]" = "iPhone Developer";
				COPY_PHASE_STRIP = NO;
				DEBUG_INFORMATION_FORMAT = "dwarf-with-dsym";
				ENABLE_NS_ASSERTIONS = NO;
				ENABLE_STRICT_OBJC_MSGSEND = YES;
				GCC_C_LANGUAGE_STANDARD = gnu99;
				GCC_NO_COMMON_BLOCKS = YES;
				GCC_WARN_64_TO_32_BIT_CONVERSION = YES;
				GCC_WARN_ABOUT_RETURN_TYPE = YES_ERROR;
				GCC_WARN_UNDECLARED_SELECTOR = YES;
				GCC_WARN_UNINITIALIZED_AUTOS = YES_AGGRESSIVE;
				GCC_WARN_UNUSED_FUNCTION = YES;
				GCC_WARN_UNUSED_VARIABLE = YES;
				IPHONEOS_DEPLOYMENT_TARGET = 9.2;
				MTL_ENABLE_DEBUG_INFO = NO;
				SDKROOT = iphoneos;
				TARGETED_DEVICE_FAMILY = "1,2";
				VALIDATE_PRODUCT = YES;
			};
			name = Release;
		};
		9768B99E1C86070900019860 /* Debug */ = {
			isa = XCBuildConfiguration;
			buildSettings = {
				ASSETCATALOG_COMPILER_APPICON_NAME = AppIcon;
				INFOPLIST_FILE = Membot/Info.plist;
				LD_RUNPATH_SEARCH_PATHS = "$(inherited) @executable_path/Frameworks";
				PRODUCT_BUNDLE_IDENTIFIER = com.Sneakywolf.Membot;
				PRODUCT_NAME = "$(TARGET_NAME)";
			};
			name = Debug;
		};
		9768B99F1C86070900019860 /* Release */ = {
			isa = XCBuildConfiguration;
			buildSettings = {
				ASSETCATALOG_COMPILER_APPICON_NAME = AppIcon;
				INFOPLIST_FILE = Membot/Info.plist;
				LD_RUNPATH_SEARCH_PATHS = "$(inherited) @executable_path/Frameworks";
				PRODUCT_BUNDLE_IDENTIFIER = com.Sneakywolf.Membot;
				PRODUCT_NAME = "$(TARGET_NAME)";
			};
			name = Release;
		};
		9768B9A11C86070900019860 /* Debug */ = {
			isa = XCBuildConfiguration;
			buildSettings = {
				BUNDLE_LOADER = "$(TEST_HOST)";
				INFOPLIST_FILE = MembotTests/Info.plist;
				LD_RUNPATH_SEARCH_PATHS = "$(inherited) @executable_path/Frameworks @loader_path/Frameworks";
				PRODUCT_BUNDLE_IDENTIFIER = com.Sneakywolf.MembotTests;
				PRODUCT_NAME = "$(TARGET_NAME)";
				TEST_HOST = "$(BUILT_PRODUCTS_DIR)/Membot.app/Membot";
			};
			name = Debug;
		};
		9768B9A21C86070900019860 /* Release */ = {
			isa = XCBuildConfiguration;
			buildSettings = {
				BUNDLE_LOADER = "$(TEST_HOST)";
				INFOPLIST_FILE = MembotTests/Info.plist;
				LD_RUNPATH_SEARCH_PATHS = "$(inherited) @executable_path/Frameworks @loader_path/Frameworks";
				PRODUCT_BUNDLE_IDENTIFIER = com.Sneakywolf.MembotTests;
				PRODUCT_NAME = "$(TARGET_NAME)";
				TEST_HOST = "$(BUILT_PRODUCTS_DIR)/Membot.app/Membot";
			};
			name = Release;
		};
		9768B9A41C86070900019860 /* Debug */ = {
			isa = XCBuildConfiguration;
			buildSettings = {
				INFOPLIST_FILE = MembotUITests/Info.plist;
				LD_RUNPATH_SEARCH_PATHS = "$(inherited) @executable_path/Frameworks @loader_path/Frameworks";
				PRODUCT_BUNDLE_IDENTIFIER = com.Sneakywolf.MembotUITests;
				PRODUCT_NAME = "$(TARGET_NAME)";
				TEST_TARGET_NAME = Membot;
				USES_XCTRUNNER = YES;
			};
			name = Debug;
		};
		9768B9A51C86070900019860 /* Release */ = {
			isa = XCBuildConfiguration;
			buildSettings = {
				INFOPLIST_FILE = MembotUITests/Info.plist;
				LD_RUNPATH_SEARCH_PATHS = "$(inherited) @executable_path/Frameworks @loader_path/Frameworks";
				PRODUCT_BUNDLE_IDENTIFIER = com.Sneakywolf.MembotUITests;
				PRODUCT_NAME = "$(TARGET_NAME)";
				TEST_TARGET_NAME = Membot;
				USES_XCTRUNNER = YES;
			};
			name = Release;
		};
/* End XCBuildConfiguration section */

/* Begin XCConfigurationList section */
		9768B96D1C86070800019860 /* Build configuration list for PBXProject "Membot" */ = {
			isa = XCConfigurationList;
			buildConfigurations = (
				9768B99B1C86070900019860 /* Debug */,
				9768B99C1C86070900019860 /* Release */,
			);
			defaultConfigurationIsVisible = 0;
			defaultConfigurationName = Release;
		};
		9768B99D1C86070900019860 /* Build configuration list for PBXNativeTarget "Membot" */ = {
			isa = XCConfigurationList;
			buildConfigurations = (
				9768B99E1C86070900019860 /* Debug */,
				9768B99F1C86070900019860 /* Release */,
			);
			defaultConfigurationIsVisible = 0;
		};
		9768B9A01C86070900019860 /* Build configuration list for PBXNativeTarget "MembotTests" */ = {
			isa = XCConfigurationList;
			buildConfigurations = (
				9768B9A11C86070900019860 /* Debug */,
				9768B9A21C86070900019860 /* Release */,
			);
			defaultConfigurationIsVisible = 0;
		};
		9768B9A31C86070900019860 /* Build configuration list for PBXNativeTarget "MembotUITests" */ = {
			isa = XCConfigurationList;
			buildConfigurations = (
				9768B9A41C86070900019860 /* Debug */,
				9768B9A51C86070900019860 /* Release */,
			);
			defaultConfigurationIsVisible = 0;
		};
/* End XCConfigurationList section */

/* Begin XCVersionGroup section */
		9768B97C1C86070800019860 /* Membot.xcdatamodeld */ = {
			isa = XCVersionGroup;
			children = (
				9768B97D1C86070800019860 /* Membot.xcdatamodel */,
			);
			currentVersion = 9768B97D1C86070800019860 /* Membot.xcdatamodel */;
			path = Membot.xcdatamodeld;
			sourceTree = "<group>";
			versionGroupType = wrapper.xcdatamodel;
		};
/* End XCVersionGroup section */
	};
	rootObject = 9768B96A1C86070800019860 /* Project object */;
}
